// !$*UTF8*$!
{
	archiveVersion = 1;
	classes = {
	};
	objectVersion = 50;
	objects = {

/* Begin PBXBuildFile section */
		1134481621F5355500863193 /* AppDelegate.swift in Sources */ = {isa = PBXBuildFile; fileRef = 1134481521F5355500863193 /* AppDelegate.swift */; };
		1134481821F5355500863193 /* ViewController.swift in Sources */ = {isa = PBXBuildFile; fileRef = 1134481721F5355500863193 /* ViewController.swift */; };
		1134481B21F5355500863193 /* Main.storyboard in Resources */ = {isa = PBXBuildFile; fileRef = 1134481921F5355500863193 /* Main.storyboard */; };
		1134481D21F5355700863193 /* Assets.xcassets in Resources */ = {isa = PBXBuildFile; fileRef = 1134481C21F5355700863193 /* Assets.xcassets */; };
		1134482021F5355700863193 /* LaunchScreen.storyboard in Resources */ = {isa = PBXBuildFile; fileRef = 1134481E21F5355700863193 /* LaunchScreen.storyboard */; };
		1134482B21F5355800863193 /* Dropbox_Meeting_RoomTests.swift in Sources */ = {isa = PBXBuildFile; fileRef = 1134482A21F5355800863193 /* Dropbox_Meeting_RoomTests.swift */; };
/* End PBXBuildFile section */

/* Begin PBXContainerItemProxy section */
		1134482721F5355800863193 /* PBXContainerItemProxy */ = {
			isa = PBXContainerItemProxy;
			containerPortal = 1134480A21F5355500863193 /* Project object */;
			proxyType = 1;
			remoteGlobalIDString = 1134481121F5355500863193;
			remoteInfo = "Dropbox Meeting Room";
		};
/* End PBXContainerItemProxy section */

/* Begin PBXFileReference section */
		1134481221F5355500863193 /* Dropbox Meeting Room.app */ = {isa = PBXFileReference; explicitFileType = wrapper.application; includeInIndex = 0; path = "Dropbox Meeting Room.app"; sourceTree = BUILT_PRODUCTS_DIR; };
		1134481521F5355500863193 /* AppDelegate.swift */ = {isa = PBXFileReference; lastKnownFileType = sourcecode.swift; path = AppDelegate.swift; sourceTree = "<group>"; };
		1134481721F5355500863193 /* ViewController.swift */ = {isa = PBXFileReference; lastKnownFileType = sourcecode.swift; path = ViewController.swift; sourceTree = "<group>"; };
		1134481A21F5355500863193 /* Base */ = {isa = PBXFileReference; lastKnownFileType = file.storyboard; name = Base; path = Base.lproj/Main.storyboard; sourceTree = "<group>"; };
		1134481C21F5355700863193 /* Assets.xcassets */ = {isa = PBXFileReference; lastKnownFileType = folder.assetcatalog; path = Assets.xcassets; sourceTree = "<group>"; };
		1134481F21F5355700863193 /* Base */ = {isa = PBXFileReference; lastKnownFileType = file.storyboard; name = Base; path = Base.lproj/LaunchScreen.storyboard; sourceTree = "<group>"; };
		1134482121F5355700863193 /* Info.plist */ = {isa = PBXFileReference; lastKnownFileType = text.plist.xml; path = Info.plist; sourceTree = "<group>"; };
		1134482621F5355800863193 /* Dropbox Meeting RoomTests.xctest */ = {isa = PBXFileReference; explicitFileType = wrapper.cfbundle; includeInIndex = 0; path = "Dropbox Meeting RoomTests.xctest"; sourceTree = BUILT_PRODUCTS_DIR; };
		1134482A21F5355800863193 /* Dropbox_Meeting_RoomTests.swift */ = {isa = PBXFileReference; lastKnownFileType = sourcecode.swift; path = Dropbox_Meeting_RoomTests.swift; sourceTree = "<group>"; };
		1134482C21F5355800863193 /* Info.plist */ = {isa = PBXFileReference; lastKnownFileType = text.plist.xml; path = Info.plist; sourceTree = "<group>"; };
/* End PBXFileReference section */

/* Begin PBXFrameworksBuildPhase section */
		1134480F21F5355500863193 /* Frameworks */ = {
			isa = PBXFrameworksBuildPhase;
			buildActionMask = 2147483647;
			files = (
			);
			runOnlyForDeploymentPostprocessing = 0;
		};
		1134482321F5355800863193 /* Frameworks */ = {
			isa = PBXFrameworksBuildPhase;
			buildActionMask = 2147483647;
			files = (
			);
			runOnlyForDeploymentPostprocessing = 0;
		};
/* End PBXFrameworksBuildPhase section */

/* Begin PBXGroup section */
		1134480921F5355500863193 = {
			isa = PBXGroup;
			children = (
				1134481421F5355500863193 /* Dropbox Meeting Room */,
				1134482921F5355800863193 /* Dropbox Meeting RoomTests */,
				1134481321F5355500863193 /* Products */,
			);
			sourceTree = "<group>";
		};
		1134481321F5355500863193 /* Products */ = {
			isa = PBXGroup;
			children = (
				1134481221F5355500863193 /* Dropbox Meeting Room.app */,
				1134482621F5355800863193 /* Dropbox Meeting RoomTests.xctest */,
			);
			name = Products;
			sourceTree = "<group>";
		};
		1134481421F5355500863193 /* Dropbox Meeting Room */ = {
			isa = PBXGroup;
			children = (
				1134481521F5355500863193 /* AppDelegate.swift */,
				1134481721F5355500863193 /* ViewController.swift */,
				1134481921F5355500863193 /* Main.storyboard */,
				1134481C21F5355700863193 /* Assets.xcassets */,
				1134481E21F5355700863193 /* LaunchScreen.storyboard */,
				1134482121F5355700863193 /* Info.plist */,
			);
			path = "Dropbox Meeting Room";
			sourceTree = "<group>";
		};
		1134482921F5355800863193 /* Dropbox Meeting RoomTests */ = {
			isa = PBXGroup;
			children = (
				1134482A21F5355800863193 /* Dropbox_Meeting_RoomTests.swift */,
				1134482C21F5355800863193 /* Info.plist */,
			);
			path = "Dropbox Meeting RoomTests";
			sourceTree = "<group>";
		};
/* End PBXGroup section */

/* Begin PBXNativeTarget section */
		1134481121F5355500863193 /* Dropbox Meeting Room */ = {
			isa = PBXNativeTarget;
			buildConfigurationList = 1134482F21F5355800863193 /* Build configuration list for PBXNativeTarget "Dropbox Meeting Room" */;
			buildPhases = (
				1134480E21F5355500863193 /* Sources */,
				1134480F21F5355500863193 /* Frameworks */,
				1134481021F5355500863193 /* Resources */,
			);
			buildRules = (
			);
			dependencies = (
			);
			name = "Dropbox Meeting Room";
			productName = "Dropbox Meeting Room";
			productReference = 1134481221F5355500863193 /* Dropbox Meeting Room.app */;
			productType = "com.apple.product-type.application";
		};
		1134482521F5355800863193 /* Dropbox Meeting RoomTests */ = {
			isa = PBXNativeTarget;
			buildConfigurationList = 1134483221F5355800863193 /* Build configuration list for PBXNativeTarget "Dropbox Meeting RoomTests" */;
			buildPhases = (
				1134482221F5355800863193 /* Sources */,
				1134482321F5355800863193 /* Frameworks */,
				1134482421F5355800863193 /* Resources */,
			);
			buildRules = (
			);
			dependencies = (
				1134482821F5355800863193 /* PBXTargetDependency */,
			);
			name = "Dropbox Meeting RoomTests";
			productName = "Dropbox Meeting RoomTests";
			productReference = 1134482621F5355800863193 /* Dropbox Meeting RoomTests.xctest */;
			productType = "com.apple.product-type.bundle.unit-test";
		};
/* End PBXNativeTarget section */

/* Begin PBXProject section */
		1134480A21F5355500863193 /* Project object */ = {
			isa = PBXProject;
			attributes = {
				LastSwiftUpdateCheck = 1010;
				LastUpgradeCheck = 1010;
				ORGANIZATIONNAME = "Zac West";
				TargetAttributes = {
					1134481121F5355500863193 = {
						CreatedOnToolsVersion = 10.1;
					};
					1134482521F5355800863193 = {
						CreatedOnToolsVersion = 10.1;
						TestTargetID = 1134481121F5355500863193;
					};
				};
			};
			buildConfigurationList = 1134480D21F5355500863193 /* Build configuration list for PBXProject "Dropbox Meeting Room" */;
			compatibilityVersion = "Xcode 9.3";
			developmentRegion = en;
			hasScannedForEncodings = 0;
			knownRegions = (
				en,
				Base,
			);
			mainGroup = 1134480921F5355500863193;
			productRefGroup = 1134481321F5355500863193 /* Products */;
			projectDirPath = "";
			projectRoot = "";
			targets = (
				1134481121F5355500863193 /* Dropbox Meeting Room */,
				1134482521F5355800863193 /* Dropbox Meeting RoomTests */,
			);
		};
/* End PBXProject section */

/* Begin PBXResourcesBuildPhase section */
		1134481021F5355500863193 /* Resources */ = {
			isa = PBXResourcesBuildPhase;
			buildActionMask = 2147483647;
			files = (
				1134482021F5355700863193 /* LaunchScreen.storyboard in Resources */,
				1134481D21F5355700863193 /* Assets.xcassets in Resources */,
				1134481B21F5355500863193 /* Main.storyboard in Resources */,
			);
			runOnlyForDeploymentPostprocessing = 0;
		};
		1134482421F5355800863193 /* Resources */ = {
			isa = PBXResourcesBuildPhase;
			buildActionMask = 2147483647;
			files = (
			);
			runOnlyForDeploymentPostprocessing = 0;
		};
/* End PBXResourcesBuildPhase section */

/* Begin PBXSourcesBuildPhase section */
		1134480E21F5355500863193 /* Sources */ = {
			isa = PBXSourcesBuildPhase;
			buildActionMask = 2147483647;
			files = (
				1134481821F5355500863193 /* ViewController.swift in Sources */,
				1134481621F5355500863193 /* AppDelegate.swift in Sources */,
			);
			runOnlyForDeploymentPostprocessing = 0;
		};
		1134482221F5355800863193 /* Sources */ = {
			isa = PBXSourcesBuildPhase;
			buildActionMask = 2147483647;
			files = (
				1134482B21F5355800863193 /* Dropbox_Meeting_RoomTests.swift in Sources */,
			);
			runOnlyForDeploymentPostprocessing = 0;
		};
/* End PBXSourcesBuildPhase section */

/* Begin PBXTargetDependency section */
		1134482821F5355800863193 /* PBXTargetDependency */ = {
			isa = PBXTargetDependency;
			target = 1134481121F5355500863193 /* Dropbox Meeting Room */;
			targetProxy = 1134482721F5355800863193 /* PBXContainerItemProxy */;
		};
/* End PBXTargetDependency section */

/* Begin PBXVariantGroup section */
		1134481921F5355500863193 /* Main.storyboard */ = {
			isa = PBXVariantGroup;
			children = (
				1134481A21F5355500863193 /* Base */,
			);
			name = Main.storyboard;
			sourceTree = "<group>";
		};
		1134481E21F5355700863193 /* LaunchScreen.storyboard */ = {
			isa = PBXVariantGroup;
			children = (
				1134481F21F5355700863193 /* Base */,
			);
			name = LaunchScreen.storyboard;
			sourceTree = "<group>";
		};
/* End PBXVariantGroup section */

/* Begin XCBuildConfiguration section */
		1134482D21F5355800863193 /* Debug */ = {
			isa = XCBuildConfiguration;
			buildSettings = {
				ALWAYS_SEARCH_USER_PATHS = NO;
				CLANG_ANALYZER_NONNULL = YES;
				CLANG_ANALYZER_NUMBER_OBJECT_CONVERSION = YES_AGGRESSIVE;
				CLANG_CXX_LANGUAGE_STANDARD = "gnu++14";
				CLANG_CXX_LIBRARY = "libc++";
				CLANG_ENABLE_MODULES = YES;
				CLANG_ENABLE_OBJC_ARC = YES;
				CLANG_ENABLE_OBJC_WEAK = YES;
				CLANG_WARN_BLOCK_CAPTURE_AUTORELEASING = YES;
				CLANG_WARN_BOOL_CONVERSION = YES;
				CLANG_WARN_COMMA = YES;
				CLANG_WARN_CONSTANT_CONVERSION = YES;
				CLANG_WARN_DEPRECATED_OBJC_IMPLEMENTATIONS = YES;
				CLANG_WARN_DIRECT_OBJC_ISA_USAGE = YES_ERROR;
				CLANG_WARN_DOCUMENTATION_COMMENTS = YES;
				CLANG_WARN_EMPTY_BODY = YES;
				CLANG_WARN_ENUM_CONVERSION = YES;
				CLANG_WARN_INFINITE_RECURSION = YES;
				CLANG_WARN_INT_CONVERSION = YES;
				CLANG_WARN_NON_LITERAL_NULL_CONVERSION = YES;
				CLANG_WARN_OBJC_IMPLICIT_RETAIN_SELF = YES;
				CLANG_WARN_OBJC_LITERAL_CONVERSION = YES;
				CLANG_WARN_OBJC_ROOT_CLASS = YES_ERROR;
				CLANG_WARN_RANGE_LOOP_ANALYSIS = YES;
				CLANG_WARN_STRICT_PROTOTYPES = YES;
				CLANG_WARN_SUSPICIOUS_MOVE = YES;
				CLANG_WARN_UNGUARDED_AVAILABILITY = YES_AGGRESSIVE;
				CLANG_WARN_UNREACHABLE_CODE = YES;
				CLANG_WARN__DUPLICATE_METHOD_MATCH = YES;
				CODE_SIGN_IDENTITY = "iPhone Developer";
				COPY_PHASE_STRIP = NO;
				DEBUG_INFORMATION_FORMAT = dwarf;
				ENABLE_STRICT_OBJC_MSGSEND = YES;
				ENABLE_TESTABILITY = YES;
				GCC_C_LANGUAGE_STANDARD = gnu11;
				GCC_DYNAMIC_NO_PIC = NO;
				GCC_NO_COMMON_BLOCKS = YES;
				GCC_OPTIMIZATION_LEVEL = 0;
				GCC_PREPROCESSOR_DEFINITIONS = (
					"DEBUG=1",
					"$(inherited)",
				);
				GCC_WARN_64_TO_32_BIT_CONVERSION = YES;
				GCC_WARN_ABOUT_RETURN_TYPE = YES_ERROR;
				GCC_WARN_UNDECLARED_SELECTOR = YES;
				GCC_WARN_UNINITIALIZED_AUTOS = YES_AGGRESSIVE;
				GCC_WARN_UNUSED_FUNCTION = YES;
				GCC_WARN_UNUSED_VARIABLE = YES;
				IPHONEOS_DEPLOYMENT_TARGET = 12.1;
				MTL_ENABLE_DEBUG_INFO = INCLUDE_SOURCE;
				MTL_FAST_MATH = YES;
				ONLY_ACTIVE_ARCH = YES;
				SDKROOT = iphoneos;
				SWIFT_ACTIVE_COMPILATION_CONDITIONS = DEBUG;
				SWIFT_OPTIMIZATION_LEVEL = "-Onone";
			};
			name = Debug;
		};
		1134482E21F5355800863193 /* Release */ = {
			isa = XCBuildConfiguration;
			buildSettings = {
				ALWAYS_SEARCH_USER_PATHS = NO;
				CLANG_ANALYZER_NONNULL = YES;
				CLANG_ANALYZER_NUMBER_OBJECT_CONVERSION = YES_AGGRESSIVE;
				CLANG_CXX_LANGUAGE_STANDARD = "gnu++14";
				CLANG_CXX_LIBRARY = "libc++";
				CLANG_ENABLE_MODULES = YES;
				CLANG_ENABLE_OBJC_ARC = YES;
				CLANG_ENABLE_OBJC_WEAK = YES;
				CLANG_WARN_BLOCK_CAPTURE_AUTORELEASING = YES;
				CLANG_WARN_BOOL_CONVERSION = YES;
				CLANG_WARN_COMMA = YES;
				CLANG_WARN_CONSTANT_CONVERSION = YES;
				CLANG_WARN_DEPRECATED_OBJC_IMPLEMENTATIONS = YES;
				CLANG_WARN_DIRECT_OBJC_ISA_USAGE = YES_ERROR;
				CLANG_WARN_DOCUMENTATION_COMMENTS = YES;
				CLANG_WARN_EMPTY_BODY = YES;
				CLANG_WARN_ENUM_CONVERSION = YES;
				CLANG_WARN_INFINITE_RECURSION = YES;
				CLANG_WARN_INT_CONVERSION = YES;
				CLANG_WARN_NON_LITERAL_NULL_CONVERSION = YES;
				CLANG_WARN_OBJC_IMPLICIT_RETAIN_SELF = YES;
				CLANG_WARN_OBJC_LITERAL_CONVERSION = YES;
				CLANG_WARN_OBJC_ROOT_CLASS = YES_ERROR;
				CLANG_WARN_RANGE_LOOP_ANALYSIS = YES;
				CLANG_WARN_STRICT_PROTOTYPES = YES;
				CLANG_WARN_SUSPICIOUS_MOVE = YES;
				CLANG_WARN_UNGUARDED_AVAILABILITY = YES_AGGRESSIVE;
				CLANG_WARN_UNREACHABLE_CODE = YES;
				CLANG_WARN__DUPLICATE_METHOD_MATCH = YES;
				CODE_SIGN_IDENTITY = "iPhone Developer";
				COPY_PHASE_STRIP = NO;
				DEBUG_INFORMATION_FORMAT = "dwarf-with-dsym";
				ENABLE_NS_ASSERTIONS = NO;
				ENABLE_STRICT_OBJC_MSGSEND = YES;
				GCC_C_LANGUAGE_STANDARD = gnu11;
				GCC_NO_COMMON_BLOCKS = YES;
				GCC_WARN_64_TO_32_BIT_CONVERSION = YES;
				GCC_WARN_ABOUT_RETURN_TYPE = YES_ERROR;
				GCC_WARN_UNDECLARED_SELECTOR = YES;
				GCC_WARN_UNINITIALIZED_AUTOS = YES_AGGRESSIVE;
				GCC_WARN_UNUSED_FUNCTION = YES;
				GCC_WARN_UNUSED_VARIABLE = YES;
				IPHONEOS_DEPLOYMENT_TARGET = 12.1;
				MTL_ENABLE_DEBUG_INFO = NO;
				MTL_FAST_MATH = YES;
				SDKROOT = iphoneos;
				SWIFT_COMPILATION_MODE = wholemodule;
				SWIFT_OPTIMIZATION_LEVEL = "-O";
				VALIDATE_PRODUCT = YES;
			};
			name = Release;
		};
		1134483021F5355800863193 /* Debug */ = {
			isa = XCBuildConfiguration;
			buildSettings = {
				ASSETCATALOG_COMPILER_APPICON_NAME = AppIcon;
				CODE_SIGN_STYLE = Automatic;
				DEVELOPMENT_TEAM = FH8YWD52JM;
				INFOPLIST_FILE = "Dropbox Meeting Room/Info.plist";
				LD_RUNPATH_SEARCH_PATHS = (
					"$(inherited)",
					"@executable_path/Frameworks",
				);
				PRODUCT_BUNDLE_IDENTIFIER = "us.zac.Dropbox-Meeting-Room";
				PRODUCT_NAME = "$(TARGET_NAME)";
				SWIFT_VERSION = 4.2;
				TARGETED_DEVICE_FAMILY = "1,2";
			};
			name = Debug;
		};
		1134483121F5355800863193 /* Release */ = {
			isa = XCBuildConfiguration;
			buildSettings = {
				ASSETCATALOG_COMPILER_APPICON_NAME = AppIcon;
				CODE_SIGN_STYLE = Automatic;
				DEVELOPMENT_TEAM = FH8YWD52JM;
				INFOPLIST_FILE = "Dropbox Meeting Room/Info.plist";
				LD_RUNPATH_SEARCH_PATHS = (
					"$(inherited)",
					"@executable_path/Frameworks",
				);
				PRODUCT_BUNDLE_IDENTIFIER = "us.zac.Dropbox-Meeting-Room";
				PRODUCT_NAME = "$(TARGET_NAME)";
				SWIFT_VERSION = 4.2;
				TARGETED_DEVICE_FAMILY = "1,2";
			};
			name = Release;
		};
		1134483321F5355800863193 /* Debug */ = {
			isa = XCBuildConfiguration;
			buildSettings = {
				ALWAYS_EMBED_SWIFT_STANDARD_LIBRARIES = YES;
				BUNDLE_LOADER = "$(TEST_HOST)";
				CODE_SIGN_STYLE = Automatic;
				DEVELOPMENT_TEAM = FH8YWD52JM;
				INFOPLIST_FILE = "Dropbox Meeting RoomTests/Info.plist";
				LD_RUNPATH_SEARCH_PATHS = (
					"$(inherited)",
					"@executable_path/Frameworks",
					"@loader_path/Frameworks",
				);
				PRODUCT_BUNDLE_IDENTIFIER = "us.zac.Dropbox-Meeting-RoomTests";
				PRODUCT_NAME = "$(TARGET_NAME)";
				SWIFT_VERSION = 4.2;
				TARGETED_DEVICE_FAMILY = "1,2";
				TEST_HOST = "$(BUILT_PRODUCTS_DIR)/Dropbox Meeting Room.app/Dropbox Meeting Room";
			};
			name = Debug;
		};
		1134483421F5355800863193 /* Release */ = {
			isa = XCBuildConfiguration;
			buildSettings = {
				ALWAYS_EMBED_SWIFT_STANDARD_LIBRARIES = YES;
				BUNDLE_LOADER = "$(TEST_HOST)";
				CODE_SIGN_STYLE = Automatic;
				DEVELOPMENT_TEAM = FH8YWD52JM;
				INFOPLIST_FILE = "Dropbox Meeting RoomTests/Info.plist";
				LD_RUNPATH_SEARCH_PATHS = (
					"$(inherited)",
					"@executable_path/Frameworks",
					"@loader_path/Frameworks",
				);
				PRODUCT_BUNDLE_IDENTIFIER = "us.zac.Dropbox-Meeting-RoomTests";
				PRODUCT_NAME = "$(TARGET_NAME)";
				SWIFT_VERSION = 4.2;
				TARGETED_DEVICE_FAMILY = "1,2";
				TEST_HOST = "$(BUILT_PRODUCTS_DIR)/Dropbox Meeting Room.app/Dropbox Meeting Room";
			};
			name = Release;
		};
/* End XCBuildConfiguration section */

/* Begin XCConfigurationList section */
		1134480D21F5355500863193 /* Build configuration list for PBXProject "Dropbox Meeting Room" */ = {
			isa = XCConfigurationList;
			buildConfigurations = (
				1134482D21F5355800863193 /* Debug */,
				1134482E21F5355800863193 /* Release */,
			);
			defaultConfigurationIsVisible = 0;
			defaultConfigurationName = Release;
		};
		1134482F21F5355800863193 /* Build configuration list for PBXNativeTarget "Dropbox Meeting Room" */ = {
			isa = XCConfigurationList;
			buildConfigurations = (
				1134483021F5355800863193 /* Debug */,
				1134483121F5355800863193 /* Release */,
			);
			defaultConfigurationIsVisible = 0;
			defaultConfigurationName = Release;
		};
		1134483221F5355800863193 /* Build configuration list for PBXNativeTarget "Dropbox Meeting RoomTests" */ = {
			isa = XCConfigurationList;
			buildConfigurations = (
				1134483321F5355800863193 /* Debug */,
				1134483421F5355800863193 /* Release */,
			);
			defaultConfigurationIsVisible = 0;
			defaultConfigurationName = Release;
		};
/* End XCConfigurationList section */
	};
	rootObject = 1134480A21F5355500863193 /* Project object */;
}
