// !$*UTF8*$!
{
	archiveVersion = 1;
	classes = {
	};
	objectVersion = 50;
	objects = {

/* Begin PBXBuildFile section */
		1111D65821F574EF00A115E7 /* RoomListViewController.swift in Sources */ = {isa = PBXBuildFile; fileRef = 1111D65721F574EF00A115E7 /* RoomListViewController.swift */; };
		1111D65A21F5966E00A115E7 /* RoomCell.swift in Sources */ = {isa = PBXBuildFile; fileRef = 1111D65921F5966E00A115E7 /* RoomCell.swift */; };
		1111D65C21F59E7600A115E7 /* RoomTableViewController.swift in Sources */ = {isa = PBXBuildFile; fileRef = 1111D65B21F59E7600A115E7 /* RoomTableViewController.swift */; };
		1134481621F5355500863193 /* AppDelegate.swift in Sources */ = {isa = PBXBuildFile; fileRef = 1134481521F5355500863193 /* AppDelegate.swift */; };
		1134481D21F5355700863193 /* Assets.xcassets in Resources */ = {isa = PBXBuildFile; fileRef = 1134481C21F5355700863193 /* Assets.xcassets */; };
		1134482021F5355700863193 /* LaunchScreen.storyboard in Resources */ = {isa = PBXBuildFile; fileRef = 1134481E21F5355700863193 /* LaunchScreen.storyboard */; };
		1134483C21F5357E00863193 /* NotificationCenter.framework in Frameworks */ = {isa = PBXBuildFile; fileRef = 1134483B21F5357E00863193 /* NotificationCenter.framework */; };
		1134483F21F5357E00863193 /* TodayViewController.swift in Sources */ = {isa = PBXBuildFile; fileRef = 1134483E21F5357E00863193 /* TodayViewController.swift */; };
		1134484621F5357E00863193 /* Upcoming Rooms.appex in Embed App Extensions */ = {isa = PBXBuildFile; fileRef = 1134483921F5357D00863193 /* Upcoming Rooms.appex */; settings = {ATTRIBUTES = (RemoveHeadersOnCopy, ); }; };
		1134484C21F5367000863193 /* TodayView.swift in Sources */ = {isa = PBXBuildFile; fileRef = 1134484B21F5367000863193 /* TodayView.swift */; };
		1134485221F537C500863193 /* RootViewController.swift in Sources */ = {isa = PBXBuildFile; fileRef = 1134485121F537C500863193 /* RootViewController.swift */; };
		1134485621F5385600863193 /* PermissionViewController.swift in Sources */ = {isa = PBXBuildFile; fileRef = 1134485521F5385600863193 /* PermissionViewController.swift */; };
		1134485821F5389000863193 /* PermissionView.swift in Sources */ = {isa = PBXBuildFile; fileRef = 1134485721F5389000863193 /* PermissionView.swift */; };
		1134485A21F5394D00863193 /* RootDisplayable.swift in Sources */ = {isa = PBXBuildFile; fileRef = 1134485921F5394D00863193 /* RootDisplayable.swift */; };
		1134486221F53DCA00863193 /* CalendarSelectViewController.swift in Sources */ = {isa = PBXBuildFile; fileRef = 1134486121F53DCA00863193 /* CalendarSelectViewController.swift */; };
		1134486421F53DE700863193 /* CalendarSelectView.swift in Sources */ = {isa = PBXBuildFile; fileRef = 1134486321F53DE700863193 /* CalendarSelectView.swift */; };
		1134486C21F53F6900863193 /* CTAView.swift in Sources */ = {isa = PBXBuildFile; fileRef = 1134486B21F53F6900863193 /* CTAView.swift */; };
		1134486E21F5410F00863193 /* UIImage+Additions.swift in Sources */ = {isa = PBXBuildFile; fileRef = 1134486D21F5410F00863193 /* UIImage+Additions.swift */; };
		1134487921F547BA00863193 /* Shared.h in Headers */ = {isa = PBXBuildFile; fileRef = 1134487721F547BA00863193 /* Shared.h */; settings = {ATTRIBUTES = (Public, ); }; };
		1134487C21F547BA00863193 /* Shared.framework in Frameworks */ = {isa = PBXBuildFile; fileRef = 1134487521F547BA00863193 /* Shared.framework */; };
		1134487D21F547BA00863193 /* Shared.framework in Embed Frameworks */ = {isa = PBXBuildFile; fileRef = 1134487521F547BA00863193 /* Shared.framework */; settings = {ATTRIBUTES = (CodeSignOnCopy, RemoveHeadersOnCopy, ); }; };
		1134488221F547C200863193 /* Settings.swift in Sources */ = {isa = PBXBuildFile; fileRef = 1134486621F53E5900863193 /* Settings.swift */; };
		1134488521F5481000863193 /* Shared.framework in Frameworks */ = {isa = PBXBuildFile; fileRef = 1134487521F547BA00863193 /* Shared.framework */; };
		1134488621F5488600863193 /* With.swift in Sources */ = {isa = PBXBuildFile; fileRef = 1134485E21F53B9400863193 /* With.swift */; };
		1134488821F5494300863193 /* RoomParser.swift in Sources */ = {isa = PBXBuildFile; fileRef = 1134488721F5494300863193 /* RoomParser.swift */; };
		1134488A21F549D500863193 /* Room.swift in Sources */ = {isa = PBXBuildFile; fileRef = 1134488921F549D500863193 /* Room.swift */; };
		1134488D21F54DAB00863193 /* OfficeNameSelectViewController.swift in Sources */ = {isa = PBXBuildFile; fileRef = 1134488C21F54DAB00863193 /* OfficeNameSelectViewController.swift */; };
		1134488F21F54DB500863193 /* OfficeNameSelectView.swift in Sources */ = {isa = PBXBuildFile; fileRef = 1134488E21F54DB500863193 /* OfficeNameSelectView.swift */; };
		1134489121F55C1400863193 /* TodayRoomView.swift in Sources */ = {isa = PBXBuildFile; fileRef = 1134489021F55C1400863193 /* TodayRoomView.swift */; };
		1134489321F56C7A00863193 /* UIView+Additions.swift in Sources */ = {isa = PBXBuildFile; fileRef = 1134489221F56C7A00863193 /* UIView+Additions.swift */; };
		1134489521F570C500863193 /* CTALabelView.swift in Sources */ = {isa = PBXBuildFile; fileRef = 1134489421F570C500863193 /* CTALabelView.swift */; };
		1134489721F5712C00863193 /* CTAPickerView.swift in Sources */ = {isa = PBXBuildFile; fileRef = 1134489621F5712C00863193 /* CTAPickerView.swift */; };
/* End PBXBuildFile section */

/* Begin PBXContainerItemProxy section */
		1134484421F5357E00863193 /* PBXContainerItemProxy */ = {
			isa = PBXContainerItemProxy;
			containerPortal = 1134480A21F5355500863193 /* Project object */;
			proxyType = 1;
			remoteGlobalIDString = 1134483821F5357D00863193;
			remoteInfo = "Upcoming Rooms";
		};
		1134487A21F547BA00863193 /* PBXContainerItemProxy */ = {
			isa = PBXContainerItemProxy;
			containerPortal = 1134480A21F5355500863193 /* Project object */;
			proxyType = 1;
			remoteGlobalIDString = 1134487421F547BA00863193;
			remoteInfo = Shared;
		};
		1134488321F5480600863193 /* PBXContainerItemProxy */ = {
			isa = PBXContainerItemProxy;
			containerPortal = 1134480A21F5355500863193 /* Project object */;
			proxyType = 1;
			remoteGlobalIDString = 1134487421F547BA00863193;
			remoteInfo = Shared;
		};
/* End PBXContainerItemProxy section */

/* Begin PBXCopyFilesBuildPhase section */
		1134484A21F5357E00863193 /* Embed App Extensions */ = {
			isa = PBXCopyFilesBuildPhase;
			buildActionMask = 2147483647;
			dstPath = "";
			dstSubfolderSpec = 13;
			files = (
				1134484621F5357E00863193 /* Upcoming Rooms.appex in Embed App Extensions */,
			);
			name = "Embed App Extensions";
			runOnlyForDeploymentPostprocessing = 0;
		};
		1134488121F547BA00863193 /* Embed Frameworks */ = {
			isa = PBXCopyFilesBuildPhase;
			buildActionMask = 2147483647;
			dstPath = "";
			dstSubfolderSpec = 10;
			files = (
				1134487D21F547BA00863193 /* Shared.framework in Embed Frameworks */,
			);
			name = "Embed Frameworks";
			runOnlyForDeploymentPostprocessing = 0;
		};
/* End PBXCopyFilesBuildPhase section */

/* Begin PBXFileReference section */
		1111D65721F574EF00A115E7 /* RoomListViewController.swift */ = {isa = PBXFileReference; lastKnownFileType = sourcecode.swift; path = RoomListViewController.swift; sourceTree = "<group>"; };
		1111D65921F5966E00A115E7 /* RoomCell.swift */ = {isa = PBXFileReference; lastKnownFileType = sourcecode.swift; path = RoomCell.swift; sourceTree = "<group>"; };
		1111D65B21F59E7600A115E7 /* RoomTableViewController.swift */ = {isa = PBXFileReference; lastKnownFileType = sourcecode.swift; path = RoomTableViewController.swift; sourceTree = "<group>"; };
		1134481221F5355500863193 /* Meeting Rooms.app */ = {isa = PBXFileReference; explicitFileType = wrapper.application; includeInIndex = 0; path = "Meeting Rooms.app"; sourceTree = BUILT_PRODUCTS_DIR; };
		1134481521F5355500863193 /* AppDelegate.swift */ = {isa = PBXFileReference; lastKnownFileType = sourcecode.swift; path = AppDelegate.swift; sourceTree = "<group>"; };
		1134481C21F5355700863193 /* Assets.xcassets */ = {isa = PBXFileReference; lastKnownFileType = folder.assetcatalog; path = Assets.xcassets; sourceTree = "<group>"; };
		1134481F21F5355700863193 /* Base */ = {isa = PBXFileReference; lastKnownFileType = file.storyboard; name = Base; path = Base.lproj/LaunchScreen.storyboard; sourceTree = "<group>"; };
		1134482121F5355700863193 /* Info.plist */ = {isa = PBXFileReference; lastKnownFileType = text.plist.xml; path = Info.plist; sourceTree = "<group>"; };
		1134483921F5357D00863193 /* Upcoming Rooms.appex */ = {isa = PBXFileReference; explicitFileType = "wrapper.app-extension"; includeInIndex = 0; path = "Upcoming Rooms.appex"; sourceTree = BUILT_PRODUCTS_DIR; };
		1134483B21F5357E00863193 /* NotificationCenter.framework */ = {isa = PBXFileReference; lastKnownFileType = wrapper.framework; name = NotificationCenter.framework; path = System/Library/Frameworks/NotificationCenter.framework; sourceTree = SDKROOT; };
		1134483E21F5357E00863193 /* TodayViewController.swift */ = {isa = PBXFileReference; lastKnownFileType = sourcecode.swift; path = TodayViewController.swift; sourceTree = "<group>"; };
		1134484321F5357E00863193 /* Info.plist */ = {isa = PBXFileReference; lastKnownFileType = text.plist.xml; path = Info.plist; sourceTree = "<group>"; };
		1134484B21F5367000863193 /* TodayView.swift */ = {isa = PBXFileReference; lastKnownFileType = sourcecode.swift; path = TodayView.swift; sourceTree = "<group>"; };
		1134484D21F5370C00863193 /* Meeting Rooms.entitlements */ = {isa = PBXFileReference; lastKnownFileType = text.plist.entitlements; path = "Meeting Rooms.entitlements"; sourceTree = "<group>"; };
		1134484E21F5372200863193 /* Upcoming Rooms.entitlements */ = {isa = PBXFileReference; lastKnownFileType = text.plist.entitlements; path = "Upcoming Rooms.entitlements"; sourceTree = "<group>"; };
		1134485121F537C500863193 /* RootViewController.swift */ = {isa = PBXFileReference; lastKnownFileType = sourcecode.swift; path = RootViewController.swift; sourceTree = "<group>"; };
		1134485521F5385600863193 /* PermissionViewController.swift */ = {isa = PBXFileReference; lastKnownFileType = sourcecode.swift; path = PermissionViewController.swift; sourceTree = "<group>"; };
		1134485721F5389000863193 /* PermissionView.swift */ = {isa = PBXFileReference; lastKnownFileType = sourcecode.swift; path = PermissionView.swift; sourceTree = "<group>"; };
		1134485921F5394D00863193 /* RootDisplayable.swift */ = {isa = PBXFileReference; lastKnownFileType = sourcecode.swift; path = RootDisplayable.swift; sourceTree = "<group>"; };
		1134485E21F53B9400863193 /* With.swift */ = {isa = PBXFileReference; lastKnownFileType = sourcecode.swift; path = With.swift; sourceTree = "<group>"; };
		1134486121F53DCA00863193 /* CalendarSelectViewController.swift */ = {isa = PBXFileReference; lastKnownFileType = sourcecode.swift; path = CalendarSelectViewController.swift; sourceTree = "<group>"; };
		1134486321F53DE700863193 /* CalendarSelectView.swift */ = {isa = PBXFileReference; lastKnownFileType = sourcecode.swift; path = CalendarSelectView.swift; sourceTree = "<group>"; };
		1134486621F53E5900863193 /* Settings.swift */ = {isa = PBXFileReference; lastKnownFileType = sourcecode.swift; path = Settings.swift; sourceTree = "<group>"; };
		1134486B21F53F6900863193 /* CTAView.swift */ = {isa = PBXFileReference; lastKnownFileType = sourcecode.swift; path = CTAView.swift; sourceTree = "<group>"; };
		1134486D21F5410F00863193 /* UIImage+Additions.swift */ = {isa = PBXFileReference; lastKnownFileType = sourcecode.swift; path = "UIImage+Additions.swift"; sourceTree = "<group>"; };
		1134487521F547BA00863193 /* Shared.framework */ = {isa = PBXFileReference; explicitFileType = wrapper.framework; includeInIndex = 0; path = Shared.framework; sourceTree = BUILT_PRODUCTS_DIR; };
		1134487721F547BA00863193 /* Shared.h */ = {isa = PBXFileReference; lastKnownFileType = sourcecode.c.h; path = Shared.h; sourceTree = "<group>"; };
		1134487821F547BA00863193 /* Info.plist */ = {isa = PBXFileReference; lastKnownFileType = text.plist.xml; path = Info.plist; sourceTree = "<group>"; };
		1134488721F5494300863193 /* RoomParser.swift */ = {isa = PBXFileReference; lastKnownFileType = sourcecode.swift; path = RoomParser.swift; sourceTree = "<group>"; };
		1134488921F549D500863193 /* Room.swift */ = {isa = PBXFileReference; lastKnownFileType = sourcecode.swift; path = Room.swift; sourceTree = "<group>"; };
		1134488C21F54DAB00863193 /* OfficeNameSelectViewController.swift */ = {isa = PBXFileReference; lastKnownFileType = sourcecode.swift; path = OfficeNameSelectViewController.swift; sourceTree = "<group>"; };
		1134488E21F54DB500863193 /* OfficeNameSelectView.swift */ = {isa = PBXFileReference; lastKnownFileType = sourcecode.swift; path = OfficeNameSelectView.swift; sourceTree = "<group>"; };
		1134489021F55C1400863193 /* TodayRoomView.swift */ = {isa = PBXFileReference; lastKnownFileType = sourcecode.swift; path = TodayRoomView.swift; sourceTree = "<group>"; };
		1134489221F56C7A00863193 /* UIView+Additions.swift */ = {isa = PBXFileReference; lastKnownFileType = sourcecode.swift; path = "UIView+Additions.swift"; sourceTree = "<group>"; };
		1134489421F570C500863193 /* CTALabelView.swift */ = {isa = PBXFileReference; lastKnownFileType = sourcecode.swift; path = CTALabelView.swift; sourceTree = "<group>"; };
		1134489621F5712C00863193 /* CTAPickerView.swift */ = {isa = PBXFileReference; lastKnownFileType = sourcecode.swift; path = CTAPickerView.swift; sourceTree = "<group>"; };
/* End PBXFileReference section */

/* Begin PBXFrameworksBuildPhase section */
		1134480F21F5355500863193 /* Frameworks */ = {
			isa = PBXFrameworksBuildPhase;
			buildActionMask = 2147483647;
			files = (
				1134487C21F547BA00863193 /* Shared.framework in Frameworks */,
			);
			runOnlyForDeploymentPostprocessing = 0;
		};
		1134483621F5357D00863193 /* Frameworks */ = {
			isa = PBXFrameworksBuildPhase;
			buildActionMask = 2147483647;
			files = (
				1134488521F5481000863193 /* Shared.framework in Frameworks */,
				1134483C21F5357E00863193 /* NotificationCenter.framework in Frameworks */,
			);
			runOnlyForDeploymentPostprocessing = 0;
		};
		1134487221F547BA00863193 /* Frameworks */ = {
			isa = PBXFrameworksBuildPhase;
			buildActionMask = 2147483647;
			files = (
			);
			runOnlyForDeploymentPostprocessing = 0;
		};
/* End PBXFrameworksBuildPhase section */

/* Begin PBXGroup section */
		1111D65521F573DF00A115E7 /* Room List */ = {
			isa = PBXGroup;
			children = (
				1111D65721F574EF00A115E7 /* RoomListViewController.swift */,
				1111D65921F5966E00A115E7 /* RoomCell.swift */,
				1111D65B21F59E7600A115E7 /* RoomTableViewController.swift */,
			);
			path = "Room List";
			sourceTree = "<group>";
		};
		1111D65621F573F600A115E7 /* Resources */ = {
			isa = PBXGroup;
			children = (
				1134484D21F5370C00863193 /* Meeting Rooms.entitlements */,
				1134482121F5355700863193 /* Info.plist */,
				1134481C21F5355700863193 /* Assets.xcassets */,
			);
			path = Resources;
			sourceTree = "<group>";
		};
		1134480921F5355500863193 = {
			isa = PBXGroup;
			children = (
				1134481421F5355500863193 /* Meeting Rooms */,
				1134483D21F5357E00863193 /* Upcoming Rooms */,
				1134487621F547BA00863193 /* Shared */,
				1134483A21F5357E00863193 /* Frameworks */,
				1134481321F5355500863193 /* Products */,
			);
			sourceTree = "<group>";
		};
		1134481321F5355500863193 /* Products */ = {
			isa = PBXGroup;
			children = (
				1134481221F5355500863193 /* Meeting Rooms.app */,
				1134483921F5357D00863193 /* Upcoming Rooms.appex */,
				1134487521F547BA00863193 /* Shared.framework */,
			);
			name = Products;
			sourceTree = "<group>";
		};
		1134481421F5355500863193 /* Meeting Rooms */ = {
			isa = PBXGroup;
			children = (
				1134481521F5355500863193 /* AppDelegate.swift */,
				1134486021F53DB900863193 /* Calendar Select */,
				1134485321F537F400863193 /* Container */,
				1134486A21F53F6200863193 /* Generic Views */,
				1134485D21F53B8E00863193 /* Helpers */,
				1134481E21F5355700863193 /* LaunchScreen.storyboard */,
				1134488B21F54D8C00863193 /* Office Name Select */,
				1111D65521F573DF00A115E7 /* Room List */,
				1134485421F5384C00863193 /* Permission */,
				1111D65621F573F600A115E7 /* Resources */,
			);
			path = "Meeting Rooms";
			sourceTree = "<group>";
		};
		1134483A21F5357E00863193 /* Frameworks */ = {
			isa = PBXGroup;
			children = (
				1134483B21F5357E00863193 /* NotificationCenter.framework */,
			);
			name = Frameworks;
			sourceTree = "<group>";
		};
		1134483D21F5357E00863193 /* Upcoming Rooms */ = {
			isa = PBXGroup;
			children = (
				1134484E21F5372200863193 /* Upcoming Rooms.entitlements */,
				1134483E21F5357E00863193 /* TodayViewController.swift */,
				1134484B21F5367000863193 /* TodayView.swift */,
				1134484321F5357E00863193 /* Info.plist */,
				1134489021F55C1400863193 /* TodayRoomView.swift */,
				1134489221F56C7A00863193 /* UIView+Additions.swift */,
			);
			path = "Upcoming Rooms";
			sourceTree = "<group>";
		};
		1134485321F537F400863193 /* Container */ = {
			isa = PBXGroup;
			children = (
				1134485121F537C500863193 /* RootViewController.swift */,
				1134485921F5394D00863193 /* RootDisplayable.swift */,
			);
			path = Container;
			sourceTree = "<group>";
		};
		1134485421F5384C00863193 /* Permission */ = {
			isa = PBXGroup;
			children = (
				1134485521F5385600863193 /* PermissionViewController.swift */,
				1134485721F5389000863193 /* PermissionView.swift */,
			);
			path = Permission;
			sourceTree = "<group>";
		};
		1134485D21F53B8E00863193 /* Helpers */ = {
			isa = PBXGroup;
			children = (
				1134486D21F5410F00863193 /* UIImage+Additions.swift */,
			);
			path = Helpers;
			sourceTree = "<group>";
		};
		1134486021F53DB900863193 /* Calendar Select */ = {
			isa = PBXGroup;
			children = (
				1134486121F53DCA00863193 /* CalendarSelectViewController.swift */,
				1134486321F53DE700863193 /* CalendarSelectView.swift */,
			);
			path = "Calendar Select";
			sourceTree = "<group>";
		};
		1134486A21F53F6200863193 /* Generic Views */ = {
			isa = PBXGroup;
			children = (
				1134486B21F53F6900863193 /* CTAView.swift */,
				1134489421F570C500863193 /* CTALabelView.swift */,
				1134489621F5712C00863193 /* CTAPickerView.swift */,
			);
			path = "Generic Views";
			sourceTree = "<group>";
		};
		1134487621F547BA00863193 /* Shared */ = {
			isa = PBXGroup;
			children = (
				1134487721F547BA00863193 /* Shared.h */,
				1134487821F547BA00863193 /* Info.plist */,
				1134488721F5494300863193 /* RoomParser.swift */,
				1134486621F53E5900863193 /* Settings.swift */,
				1134485E21F53B9400863193 /* With.swift */,
				1134488921F549D500863193 /* Room.swift */,
			);
			path = Shared;
			sourceTree = "<group>";
		};
		1134488B21F54D8C00863193 /* Office Name Select */ = {
			isa = PBXGroup;
			children = (
				1134488C21F54DAB00863193 /* OfficeNameSelectViewController.swift */,
				1134488E21F54DB500863193 /* OfficeNameSelectView.swift */,
			);
			path = "Office Name Select";
			sourceTree = "<group>";
		};
/* End PBXGroup section */

/* Begin PBXHeadersBuildPhase section */
		1134487021F547BA00863193 /* Headers */ = {
			isa = PBXHeadersBuildPhase;
			buildActionMask = 2147483647;
			files = (
				1134487921F547BA00863193 /* Shared.h in Headers */,
			);
			runOnlyForDeploymentPostprocessing = 0;
		};
/* End PBXHeadersBuildPhase section */

/* Begin PBXNativeTarget section */
		1134481121F5355500863193 /* Meeting Rooms */ = {
			isa = PBXNativeTarget;
			buildConfigurationList = 1134482F21F5355800863193 /* Build configuration list for PBXNativeTarget "Meeting Rooms" */;
			buildPhases = (
				1134480E21F5355500863193 /* Sources */,
				1134480F21F5355500863193 /* Frameworks */,
				1134481021F5355500863193 /* Resources */,
				1134484A21F5357E00863193 /* Embed App Extensions */,
				1134488121F547BA00863193 /* Embed Frameworks */,
			);
			buildRules = (
			);
			dependencies = (
				1134484521F5357E00863193 /* PBXTargetDependency */,
				1134487B21F547BA00863193 /* PBXTargetDependency */,
			);
			name = "Meeting Rooms";
			productName = "Dropbox Meeting Room";
			productReference = 1134481221F5355500863193 /* Meeting Rooms.app */;
			productType = "com.apple.product-type.application";
		};
		1134483821F5357D00863193 /* Upcoming Rooms */ = {
			isa = PBXNativeTarget;
			buildConfigurationList = 1134484721F5357E00863193 /* Build configuration list for PBXNativeTarget "Upcoming Rooms" */;
			buildPhases = (
				1134483521F5357D00863193 /* Sources */,
				1134483621F5357D00863193 /* Frameworks */,
				1134483721F5357D00863193 /* Resources */,
			);
			buildRules = (
			);
			dependencies = (
				1134488421F5480600863193 /* PBXTargetDependency */,
			);
			name = "Upcoming Rooms";
			productName = "Upcoming Rooms";
			productReference = 1134483921F5357D00863193 /* Upcoming Rooms.appex */;
			productType = "com.apple.product-type.app-extension";
		};
		1134487421F547BA00863193 /* Shared */ = {
			isa = PBXNativeTarget;
			buildConfigurationList = 1134487E21F547BA00863193 /* Build configuration list for PBXNativeTarget "Shared" */;
			buildPhases = (
				1134487021F547BA00863193 /* Headers */,
				1134487121F547BA00863193 /* Sources */,
				1134487221F547BA00863193 /* Frameworks */,
				1134487321F547BA00863193 /* Resources */,
			);
			buildRules = (
			);
			dependencies = (
			);
			name = Shared;
			productName = Shared;
			productReference = 1134487521F547BA00863193 /* Shared.framework */;
			productType = "com.apple.product-type.framework";
		};
/* End PBXNativeTarget section */

/* Begin PBXProject section */
		1134480A21F5355500863193 /* Project object */ = {
			isa = PBXProject;
			attributes = {
				LastSwiftUpdateCheck = 1010;
				LastUpgradeCheck = 1010;
				ORGANIZATIONNAME = "Zac West";
				TargetAttributes = {
					1134481121F5355500863193 = {
						CreatedOnToolsVersion = 10.1;
						SystemCapabilities = {
							com.apple.ApplicationGroups.iOS = {
								enabled = 1;
							};
						};
					};
					1134483821F5357D00863193 = {
						CreatedOnToolsVersion = 10.1;
						SystemCapabilities = {
							com.apple.ApplicationGroups.iOS = {
								enabled = 1;
							};
							com.apple.Keychain = {
								enabled = 0;
							};
						};
					};
					1134487421F547BA00863193 = {
						CreatedOnToolsVersion = 10.1;
					};
				};
			};
			buildConfigurationList = 1134480D21F5355500863193 /* Build configuration list for PBXProject "Meeting Rooms" */;
			compatibilityVersion = "Xcode 9.3";
			developmentRegion = en;
			hasScannedForEncodings = 0;
			knownRegions = (
				en,
				Base,
			);
			mainGroup = 1134480921F5355500863193;
			productRefGroup = 1134481321F5355500863193 /* Products */;
			projectDirPath = "";
			projectRoot = "";
			targets = (
				1134481121F5355500863193 /* Meeting Rooms */,
				1134483821F5357D00863193 /* Upcoming Rooms */,
				1134487421F547BA00863193 /* Shared */,
			);
		};
/* End PBXProject section */

/* Begin PBXResourcesBuildPhase section */
		1134481021F5355500863193 /* Resources */ = {
			isa = PBXResourcesBuildPhase;
			buildActionMask = 2147483647;
			files = (
				1134482021F5355700863193 /* LaunchScreen.storyboard in Resources */,
				1134481D21F5355700863193 /* Assets.xcassets in Resources */,
			);
			runOnlyForDeploymentPostprocessing = 0;
		};
		1134483721F5357D00863193 /* Resources */ = {
			isa = PBXResourcesBuildPhase;
			buildActionMask = 2147483647;
			files = (
			);
			runOnlyForDeploymentPostprocessing = 0;
		};
		1134487321F547BA00863193 /* Resources */ = {
			isa = PBXResourcesBuildPhase;
			buildActionMask = 2147483647;
			files = (
			);
			runOnlyForDeploymentPostprocessing = 0;
		};
/* End PBXResourcesBuildPhase section */

/* Begin PBXSourcesBuildPhase section */
		1134480E21F5355500863193 /* Sources */ = {
			isa = PBXSourcesBuildPhase;
			buildActionMask = 2147483647;
			files = (
				1134485821F5389000863193 /* PermissionView.swift in Sources */,
				1111D65821F574EF00A115E7 /* RoomListViewController.swift in Sources */,
				1134485A21F5394D00863193 /* RootDisplayable.swift in Sources */,
				1134489721F5712C00863193 /* CTAPickerView.swift in Sources */,
				1134486E21F5410F00863193 /* UIImage+Additions.swift in Sources */,
				1134486C21F53F6900863193 /* CTAView.swift in Sources */,
				1134489521F570C500863193 /* CTALabelView.swift in Sources */,
				1134486421F53DE700863193 /* CalendarSelectView.swift in Sources */,
				1134485621F5385600863193 /* PermissionViewController.swift in Sources */,
				1134481621F5355500863193 /* AppDelegate.swift in Sources */,
				1134486221F53DCA00863193 /* CalendarSelectViewController.swift in Sources */,
				1134488F21F54DB500863193 /* OfficeNameSelectView.swift in Sources */,
				1111D65C21F59E7600A115E7 /* RoomTableViewController.swift in Sources */,
				1134485221F537C500863193 /* RootViewController.swift in Sources */,
				1111D65A21F5966E00A115E7 /* RoomCell.swift in Sources */,
				1134488D21F54DAB00863193 /* OfficeNameSelectViewController.swift in Sources */,
			);
			runOnlyForDeploymentPostprocessing = 0;
		};
		1134483521F5357D00863193 /* Sources */ = {
			isa = PBXSourcesBuildPhase;
			buildActionMask = 2147483647;
			files = (
				1134489321F56C7A00863193 /* UIView+Additions.swift in Sources */,
				1134489121F55C1400863193 /* TodayRoomView.swift in Sources */,
				1134484C21F5367000863193 /* TodayView.swift in Sources */,
				1134483F21F5357E00863193 /* TodayViewController.swift in Sources */,
			);
			runOnlyForDeploymentPostprocessing = 0;
		};
		1134487121F547BA00863193 /* Sources */ = {
			isa = PBXSourcesBuildPhase;
			buildActionMask = 2147483647;
			files = (
				1134488221F547C200863193 /* Settings.swift in Sources */,
				1134488621F5488600863193 /* With.swift in Sources */,
				1134488A21F549D500863193 /* Room.swift in Sources */,
				1134488821F5494300863193 /* RoomParser.swift in Sources */,
			);
			runOnlyForDeploymentPostprocessing = 0;
		};
/* End PBXSourcesBuildPhase section */

/* Begin PBXTargetDependency section */
		1134484521F5357E00863193 /* PBXTargetDependency */ = {
			isa = PBXTargetDependency;
			target = 1134483821F5357D00863193 /* Upcoming Rooms */;
			targetProxy = 1134484421F5357E00863193 /* PBXContainerItemProxy */;
		};
		1134487B21F547BA00863193 /* PBXTargetDependency */ = {
			isa = PBXTargetDependency;
			target = 1134487421F547BA00863193 /* Shared */;
			targetProxy = 1134487A21F547BA00863193 /* PBXContainerItemProxy */;
		};
		1134488421F5480600863193 /* PBXTargetDependency */ = {
			isa = PBXTargetDependency;
			target = 1134487421F547BA00863193 /* Shared */;
			targetProxy = 1134488321F5480600863193 /* PBXContainerItemProxy */;
		};
/* End PBXTargetDependency section */

/* Begin PBXVariantGroup section */
		1134481E21F5355700863193 /* LaunchScreen.storyboard */ = {
			isa = PBXVariantGroup;
			children = (
				1134481F21F5355700863193 /* Base */,
			);
			name = LaunchScreen.storyboard;
			sourceTree = "<group>";
		};
/* End PBXVariantGroup section */

/* Begin XCBuildConfiguration section */
		1134482D21F5355800863193 /* Debug */ = {
			isa = XCBuildConfiguration;
			buildSettings = {
				ALWAYS_SEARCH_USER_PATHS = NO;
				BASE_BUILD_NUMBER = 1;
				BASE_BUNDLE_IDENTIFIER = "us.zac.meeting-rooms";
				BASE_VERSION_NUMBER = 1.0;
				CLANG_ANALYZER_NONNULL = YES;
				CLANG_ANALYZER_NUMBER_OBJECT_CONVERSION = YES_AGGRESSIVE;
				CLANG_CXX_LANGUAGE_STANDARD = "gnu++14";
				CLANG_CXX_LIBRARY = "libc++";
				CLANG_ENABLE_MODULES = YES;
				CLANG_ENABLE_OBJC_ARC = YES;
				CLANG_ENABLE_OBJC_WEAK = YES;
				CLANG_WARN_BLOCK_CAPTURE_AUTORELEASING = YES;
				CLANG_WARN_BOOL_CONVERSION = YES;
				CLANG_WARN_COMMA = YES;
				CLANG_WARN_CONSTANT_CONVERSION = YES;
				CLANG_WARN_DEPRECATED_OBJC_IMPLEMENTATIONS = YES;
				CLANG_WARN_DIRECT_OBJC_ISA_USAGE = YES_ERROR;
				CLANG_WARN_DOCUMENTATION_COMMENTS = YES;
				CLANG_WARN_EMPTY_BODY = YES;
				CLANG_WARN_ENUM_CONVERSION = YES;
				CLANG_WARN_INFINITE_RECURSION = YES;
				CLANG_WARN_INT_CONVERSION = YES;
				CLANG_WARN_NON_LITERAL_NULL_CONVERSION = YES;
				CLANG_WARN_OBJC_IMPLICIT_RETAIN_SELF = YES;
				CLANG_WARN_OBJC_LITERAL_CONVERSION = YES;
				CLANG_WARN_OBJC_ROOT_CLASS = YES_ERROR;
				CLANG_WARN_RANGE_LOOP_ANALYSIS = YES;
				CLANG_WARN_STRICT_PROTOTYPES = YES;
				CLANG_WARN_SUSPICIOUS_MOVE = YES;
				CLANG_WARN_UNGUARDED_AVAILABILITY = YES_AGGRESSIVE;
				CLANG_WARN_UNREACHABLE_CODE = YES;
				CLANG_WARN__DUPLICATE_METHOD_MATCH = YES;
				CODE_SIGN_IDENTITY = "iPhone Developer";
				COPY_PHASE_STRIP = NO;
				DEBUG_INFORMATION_FORMAT = dwarf;
				ENABLE_STRICT_OBJC_MSGSEND = YES;
				ENABLE_TESTABILITY = YES;
				GCC_C_LANGUAGE_STANDARD = gnu11;
				GCC_DYNAMIC_NO_PIC = NO;
				GCC_NO_COMMON_BLOCKS = YES;
				GCC_OPTIMIZATION_LEVEL = 0;
				GCC_PREPROCESSOR_DEFINITIONS = (
					"DEBUG=1",
					"$(inherited)",
				);
				GCC_WARN_64_TO_32_BIT_CONVERSION = YES;
				GCC_WARN_ABOUT_RETURN_TYPE = YES_ERROR;
				GCC_WARN_UNDECLARED_SELECTOR = YES;
				GCC_WARN_UNINITIALIZED_AUTOS = YES_AGGRESSIVE;
				GCC_WARN_UNUSED_FUNCTION = YES;
				GCC_WARN_UNUSED_VARIABLE = YES;
				IPHONEOS_DEPLOYMENT_TARGET = 12.1;
				MTL_ENABLE_DEBUG_INFO = INCLUDE_SOURCE;
				MTL_FAST_MATH = YES;
				ONLY_ACTIVE_ARCH = YES;
				SDKROOT = iphoneos;
				SWIFT_ACTIVE_COMPILATION_CONDITIONS = DEBUG;
				SWIFT_OPTIMIZATION_LEVEL = "-Onone";
			};
			name = Debug;
		};
		1134482E21F5355800863193 /* Release */ = {
			isa = XCBuildConfiguration;
			buildSettings = {
				ALWAYS_SEARCH_USER_PATHS = NO;
				BASE_BUILD_NUMBER = 1;
				BASE_BUNDLE_IDENTIFIER = "us.zac.meeting-rooms";
				BASE_VERSION_NUMBER = 1.0;
				CLANG_ANALYZER_NONNULL = YES;
				CLANG_ANALYZER_NUMBER_OBJECT_CONVERSION = YES_AGGRESSIVE;
				CLANG_CXX_LANGUAGE_STANDARD = "gnu++14";
				CLANG_CXX_LIBRARY = "libc++";
				CLANG_ENABLE_MODULES = YES;
				CLANG_ENABLE_OBJC_ARC = YES;
				CLANG_ENABLE_OBJC_WEAK = YES;
				CLANG_WARN_BLOCK_CAPTURE_AUTORELEASING = YES;
				CLANG_WARN_BOOL_CONVERSION = YES;
				CLANG_WARN_COMMA = YES;
				CLANG_WARN_CONSTANT_CONVERSION = YES;
				CLANG_WARN_DEPRECATED_OBJC_IMPLEMENTATIONS = YES;
				CLANG_WARN_DIRECT_OBJC_ISA_USAGE = YES_ERROR;
				CLANG_WARN_DOCUMENTATION_COMMENTS = YES;
				CLANG_WARN_EMPTY_BODY = YES;
				CLANG_WARN_ENUM_CONVERSION = YES;
				CLANG_WARN_INFINITE_RECURSION = YES;
				CLANG_WARN_INT_CONVERSION = YES;
				CLANG_WARN_NON_LITERAL_NULL_CONVERSION = YES;
				CLANG_WARN_OBJC_IMPLICIT_RETAIN_SELF = YES;
				CLANG_WARN_OBJC_LITERAL_CONVERSION = YES;
				CLANG_WARN_OBJC_ROOT_CLASS = YES_ERROR;
				CLANG_WARN_RANGE_LOOP_ANALYSIS = YES;
				CLANG_WARN_STRICT_PROTOTYPES = YES;
				CLANG_WARN_SUSPICIOUS_MOVE = YES;
				CLANG_WARN_UNGUARDED_AVAILABILITY = YES_AGGRESSIVE;
				CLANG_WARN_UNREACHABLE_CODE = YES;
				CLANG_WARN__DUPLICATE_METHOD_MATCH = YES;
				CODE_SIGN_IDENTITY = "iPhone Developer";
				COPY_PHASE_STRIP = NO;
				DEBUG_INFORMATION_FORMAT = "dwarf-with-dsym";
				ENABLE_NS_ASSERTIONS = NO;
				ENABLE_STRICT_OBJC_MSGSEND = YES;
				GCC_C_LANGUAGE_STANDARD = gnu11;
				GCC_NO_COMMON_BLOCKS = YES;
				GCC_WARN_64_TO_32_BIT_CONVERSION = YES;
				GCC_WARN_ABOUT_RETURN_TYPE = YES_ERROR;
				GCC_WARN_UNDECLARED_SELECTOR = YES;
				GCC_WARN_UNINITIALIZED_AUTOS = YES_AGGRESSIVE;
				GCC_WARN_UNUSED_FUNCTION = YES;
				GCC_WARN_UNUSED_VARIABLE = YES;
				IPHONEOS_DEPLOYMENT_TARGET = 12.1;
				MTL_ENABLE_DEBUG_INFO = NO;
				MTL_FAST_MATH = YES;
				SDKROOT = iphoneos;
				SWIFT_COMPILATION_MODE = wholemodule;
				SWIFT_OPTIMIZATION_LEVEL = "-O";
				VALIDATE_PRODUCT = YES;
			};
			name = Release;
		};
		1134483021F5355800863193 /* Debug */ = {
			isa = XCBuildConfiguration;
			buildSettings = {
				ALWAYS_EMBED_SWIFT_STANDARD_LIBRARIES = YES;
				ASSETCATALOG_COMPILER_APPICON_NAME = AppIcon;
				CODE_SIGN_ENTITLEMENTS = "Meeting Rooms/Resources/Meeting Rooms.entitlements";
				CODE_SIGN_STYLE = Automatic;
				DEVELOPMENT_TEAM = FH8YWD52JM;
				INFOPLIST_FILE = "Meeting Rooms/Resources/Info.plist";
				LD_RUNPATH_SEARCH_PATHS = (
					"$(inherited)",
					"@executable_path/Frameworks",
				);
				PRODUCT_BUNDLE_IDENTIFIER = "$(BASE_BUNDLE_IDENTIFIER)";
				PRODUCT_NAME = "$(TARGET_NAME)";
				SWIFT_VERSION = 4.2;
				TARGETED_DEVICE_FAMILY = "1,2";
			};
			name = Debug;
		};
		1134483121F5355800863193 /* Release */ = {
			isa = XCBuildConfiguration;
			buildSettings = {
				ALWAYS_EMBED_SWIFT_STANDARD_LIBRARIES = YES;
				ASSETCATALOG_COMPILER_APPICON_NAME = AppIcon;
				CODE_SIGN_ENTITLEMENTS = "Meeting Rooms/Resources/Meeting Rooms.entitlements";
				CODE_SIGN_STYLE = Automatic;
				DEVELOPMENT_TEAM = FH8YWD52JM;
				INFOPLIST_FILE = "Meeting Rooms/Resources/Info.plist";
				LD_RUNPATH_SEARCH_PATHS = (
					"$(inherited)",
					"@executable_path/Frameworks",
				);
				PRODUCT_BUNDLE_IDENTIFIER = "$(BASE_BUNDLE_IDENTIFIER)";
				PRODUCT_NAME = "$(TARGET_NAME)";
				SWIFT_VERSION = 4.2;
				TARGETED_DEVICE_FAMILY = "1,2";
			};
			name = Release;
		};
		1134484821F5357E00863193 /* Debug */ = {
			isa = XCBuildConfiguration;
			buildSettings = {
				CODE_SIGN_ENTITLEMENTS = "Upcoming Rooms/Upcoming Rooms.entitlements";
				CODE_SIGN_STYLE = Automatic;
				DEVELOPMENT_TEAM = FH8YWD52JM;
				INFOPLIST_FILE = "Upcoming Rooms/Info.plist";
				LD_RUNPATH_SEARCH_PATHS = (
					"$(inherited)",
					"@executable_path/Frameworks",
					"@executable_path/../../Frameworks",
				);
				PRODUCT_BUNDLE_IDENTIFIER = "$(BASE_BUNDLE_IDENTIFIER).today-upcoming-rooms";
				PRODUCT_NAME = "$(TARGET_NAME)";
				SKIP_INSTALL = YES;
				SWIFT_VERSION = 4.2;
				TARGETED_DEVICE_FAMILY = "1,2";
			};
			name = Debug;
		};
		1134484921F5357E00863193 /* Release */ = {
			isa = XCBuildConfiguration;
			buildSettings = {
				CODE_SIGN_ENTITLEMENTS = "Upcoming Rooms/Upcoming Rooms.entitlements";
				CODE_SIGN_STYLE = Automatic;
				DEVELOPMENT_TEAM = FH8YWD52JM;
				INFOPLIST_FILE = "Upcoming Rooms/Info.plist";
				LD_RUNPATH_SEARCH_PATHS = (
					"$(inherited)",
					"@executable_path/Frameworks",
					"@executable_path/../../Frameworks",
				);
				PRODUCT_BUNDLE_IDENTIFIER = "$(BASE_BUNDLE_IDENTIFIER).today-upcoming-rooms";
				PRODUCT_NAME = "$(TARGET_NAME)";
				SKIP_INSTALL = YES;
				SWIFT_VERSION = 4.2;
				TARGETED_DEVICE_FAMILY = "1,2";
			};
			name = Release;
		};
		1134487F21F547BA00863193 /* Debug */ = {
			isa = XCBuildConfiguration;
			buildSettings = {
				APPLICATION_EXTENSION_API_ONLY = YES;
				CODE_SIGN_IDENTITY = "";
				CODE_SIGN_STYLE = Automatic;
				DEFINES_MODULE = YES;
				DEVELOPMENT_TEAM = FH8YWD52JM;
				DYLIB_COMPATIBILITY_VERSION = 1;
				DYLIB_CURRENT_VERSION = 1;
				DYLIB_INSTALL_NAME_BASE = "@rpath";
				INFOPLIST_FILE = Shared/Info.plist;
				INSTALL_PATH = "$(LOCAL_LIBRARY_DIR)/Frameworks";
				LD_RUNPATH_SEARCH_PATHS = (
					"$(inherited)",
					"@executable_path/Frameworks",
					"@loader_path/Frameworks",
				);
				PRODUCT_BUNDLE_IDENTIFIER = "$(BASE_BUNDLE_IDENTIFIER).shared";
				PRODUCT_NAME = "$(TARGET_NAME:c99extidentifier)";
				SKIP_INSTALL = YES;
				SWIFT_VERSION = 4.2;
				TARGETED_DEVICE_FAMILY = "1,2";
				VERSIONING_SYSTEM = "apple-generic";
				VERSION_INFO_PREFIX = "";
			};
			name = Debug;
		};
		1134488021F547BA00863193 /* Release */ = {
			isa = XCBuildConfiguration;
			buildSettings = {
				APPLICATION_EXTENSION_API_ONLY = YES;
				CODE_SIGN_IDENTITY = "";
				CODE_SIGN_STYLE = Automatic;
				DEFINES_MODULE = YES;
				DEVELOPMENT_TEAM = FH8YWD52JM;
				DYLIB_COMPATIBILITY_VERSION = 1;
				DYLIB_CURRENT_VERSION = 1;
				DYLIB_INSTALL_NAME_BASE = "@rpath";
				INFOPLIST_FILE = Shared/Info.plist;
				INSTALL_PATH = "$(LOCAL_LIBRARY_DIR)/Frameworks";
				LD_RUNPATH_SEARCH_PATHS = (
					"$(inherited)",
					"@executable_path/Frameworks",
					"@loader_path/Frameworks",
				);
				PRODUCT_BUNDLE_IDENTIFIER = "$(BASE_BUNDLE_IDENTIFIER).shared";
				PRODUCT_NAME = "$(TARGET_NAME:c99extidentifier)";
				SKIP_INSTALL = YES;
				SWIFT_VERSION = 4.2;
				TARGETED_DEVICE_FAMILY = "1,2";
				VERSIONING_SYSTEM = "apple-generic";
				VERSION_INFO_PREFIX = "";
			};
			name = Release;
		};
/* End XCBuildConfiguration section */

/* Begin XCConfigurationList section */
		1134480D21F5355500863193 /* Build configuration list for PBXProject "Meeting Rooms" */ = {
			isa = XCConfigurationList;
			buildConfigurations = (
				1134482D21F5355800863193 /* Debug */,
				1134482E21F5355800863193 /* Release */,
			);
			defaultConfigurationIsVisible = 0;
			defaultConfigurationName = Release;
		};
		1134482F21F5355800863193 /* Build configuration list for PBXNativeTarget "Meeting Rooms" */ = {
			isa = XCConfigurationList;
			buildConfigurations = (
				1134483021F5355800863193 /* Debug */,
				1134483121F5355800863193 /* Release */,
			);
			defaultConfigurationIsVisible = 0;
			defaultConfigurationName = Release;
		};
		1134484721F5357E00863193 /* Build configuration list for PBXNativeTarget "Upcoming Rooms" */ = {
			isa = XCConfigurationList;
			buildConfigurations = (
				1134484821F5357E00863193 /* Debug */,
				1134484921F5357E00863193 /* Release */,
			);
			defaultConfigurationIsVisible = 0;
			defaultConfigurationName = Release;
		};
		1134487E21F547BA00863193 /* Build configuration list for PBXNativeTarget "Shared" */ = {
			isa = XCConfigurationList;
			buildConfigurations = (
				1134487F21F547BA00863193 /* Debug */,
				1134488021F547BA00863193 /* Release */,
			);
			defaultConfigurationIsVisible = 0;
			defaultConfigurationName = Release;
		};
/* End XCConfigurationList section */
	};
	rootObject = 1134480A21F5355500863193 /* Project object */;
}
